{
  "name": "@mixer/bloomfilter",
  "version": "0.1.1",
  "lockfileVersion": 1,
  "requires": true,
  "dependencies": {
    "@types/node": {
      "version": "7.10.3",
      "resolved": "https://watchmixer.pkgs.visualstudio.com/_packaging/mixer/npm/registry/@types/node/-/node-7.10.3.tgz",
      "integrity": "sha512-HeyK+csRk7Khhg9krpMGJeT9pLzjsmiJFHYRzYpPv/dQ5tPclQsbvceiX/HKynRt/9lMLorWUYTbBHC3hRI4sg==",
      "dev": true
    },
    "diff": {
      "version": "1.0.8",
      "resolved": "https://watchmixer.pkgs.visualstudio.com/_packaging/mixer/npm/registry/diff/-/diff-1.0.8.tgz",
      "integrity": "sha1-NDJ2MI7Jkbe8giZ+1VvBQR+XFmY=",
      "dev": true
    },
    "eyes": {
      "version": "0.1.8",
      "resolved": "https://watchmixer.pkgs.visualstudio.com/_packaging/mixer/npm/registry/eyes/-/eyes-0.1.8.tgz",
      "integrity": "sha1-Ys8SAjTGg3hdkCNIqADvPgzCC8A=",
      "dev": true
    },
    "vows": {
      "version": "0.7.0",
      "resolved": "https://watchmixer.pkgs.visualstudio.com/_packaging/mixer/npm/registry/vows/-/vows-0.7.0.tgz",
      "integrity": "sha1-3QBl8RC6DAptY+hEhRwyCBdtWGc=",
      "dev": true,
      "requires": {
        "diff": "~1.0.3",
        "eyes": ">=0.1.6"
      }
    }
  }
}
